
Microsoft Visual Studio Solution File, Format Version 12.00
# Visual Studio Version 17
VisualStudioVersion = 17.14.36623.8
MinimumVisualStudioVersion = 10.0.40219.1
Project("{FAE04EC0-301F-11D3-BF4B-00C04F79EFBC}") = "GestionCommercial", "GestionCommercial\GestionCommercial.csproj", "{2BE7D9F5-E3B7-48F1-A352-D84F30513746}"
EndProject
Global
	GlobalSection(SolutionConfigurationPlatforms) = preSolution
		Debug|Any CPU = Debug|Any CPU
		Release|Any CPU = Release|Any CPU
	EndGlobalSection
	GlobalSection(ProjectConfigurationPlatforms) = postSolution
		{2BE7D9F5-E3B7-48F1-A352-D84F30513746}.Debug|Any CPU.ActiveCfg = Debug|Any CPU
		{2BE7D9F5-E3B7-48F1-A352-D84F30513746}.Debug|Any CPU.Build.0 = Debug|Any CPU
		{2BE7D9F5-E3B7-48F1-A352-D84F30513746}.Release|Any CPU.ActiveCfg = Release|Any CPU
		{2BE7D9F5-E3B7-48F1-A352-D84F30513746}.Release|Any CPU.Build.0 = Release|Any CPU
	EndGlobalSection
	GlobalSection(SolutionProperties) = preSolution
		HideSolutionNode = FALSE
	EndGlobalSection
	GlobalSection(ExtensibilityGlobals) = postSolution
		SolutionGuid = {E11E4DD2-18F0-446D-BF11-3814AEF4C3FF}
	EndGlobalSection
EndGlobal
